// !$*UTF8*$!
{
	archiveVersion = 1;
	classes = {
	};
	objectVersion = 50;
	objects = {

/* Begin PBXBuildFile section */
		3B9E31E52142CFB2002C7715 /* AppDelegate.swift in Sources */ = {isa = PBXBuildFile; fileRef = 3B9E31E42142CFB2002C7715 /* AppDelegate.swift */; };
		3B9E31EA2142CFB2002C7715 /* Main.storyboard in Resources */ = {isa = PBXBuildFile; fileRef = 3B9E31E82142CFB2002C7715 /* Main.storyboard */; };
		3B9E31EC2142CFB3002C7715 /* Assets.xcassets in Resources */ = {isa = PBXBuildFile; fileRef = 3B9E31EB2142CFB3002C7715 /* Assets.xcassets */; };
		3B9E31EF2142CFB3002C7715 /* LaunchScreen.storyboard in Resources */ = {isa = PBXBuildFile; fileRef = 3B9E31ED2142CFB3002C7715 /* LaunchScreen.storyboard */; };
		3B9E31FC2142D109002C7715 /* MovieListTableViewController.swift in Sources */ = {isa = PBXBuildFile; fileRef = 3B9E31FB2142D109002C7715 /* MovieListTableViewController.swift */; };
		3B9E31FF2142D149002C7715 /* ShowMovieTableViewCell.swift in Sources */ = {isa = PBXBuildFile; fileRef = 3B9E31FE2142D149002C7715 /* ShowMovieTableViewCell.swift */; };
		3B9E32012142D156002C7715 /* MovieModel.swift in Sources */ = {isa = PBXBuildFile; fileRef = 3B9E32002142D156002C7715 /* MovieModel.swift */; };
		3B9E32032142D162002C7715 /* MovieController.swift in Sources */ = {isa = PBXBuildFile; fileRef = 3B9E32022142D162002C7715 /* MovieController.swift */; };
/* End PBXBuildFile section */

/* Begin PBXFileReference section */
		3B9E31E12142CFB2002C7715 /* MovieSearch.app */ = {isa = PBXFileReference; explicitFileType = wrapper.application; includeInIndex = 0; path = MovieSearch.app; sourceTree = BUILT_PRODUCTS_DIR; };
		3B9E31E42142CFB2002C7715 /* AppDelegate.swift */ = {isa = PBXFileReference; lastKnownFileType = sourcecode.swift; path = AppDelegate.swift; sourceTree = "<group>"; };
		3B9E31E92142CFB2002C7715 /* Base */ = {isa = PBXFileReference; lastKnownFileType = file.storyboard; name = Base; path = Base.lproj/Main.storyboard; sourceTree = "<group>"; };
		3B9E31EB2142CFB3002C7715 /* Assets.xcassets */ = {isa = PBXFileReference; lastKnownFileType = folder.assetcatalog; path = Assets.xcassets; sourceTree = "<group>"; };
		3B9E31EE2142CFB3002C7715 /* Base */ = {isa = PBXFileReference; lastKnownFileType = file.storyboard; name = Base; path = Base.lproj/LaunchScreen.storyboard; sourceTree = "<group>"; };
		3B9E31F02142CFB3002C7715 /* Info.plist */ = {isa = PBXFileReference; lastKnownFileType = text.plist.xml; path = Info.plist; sourceTree = "<group>"; };
		3B9E31FB2142D109002C7715 /* MovieListTableViewController.swift */ = {isa = PBXFileReference; lastKnownFileType = sourcecode.swift; path = MovieListTableViewController.swift; sourceTree = "<group>"; };
		3B9E31FE2142D149002C7715 /* ShowMovieTableViewCell.swift */ = {isa = PBXFileReference; lastKnownFileType = sourcecode.swift; path = ShowMovieTableViewCell.swift; sourceTree = "<group>"; };
		3B9E32002142D156002C7715 /* MovieModel.swift */ = {isa = PBXFileReference; lastKnownFileType = sourcecode.swift; path = MovieModel.swift; sourceTree = "<group>"; };
		3B9E32022142D162002C7715 /* MovieController.swift */ = {isa = PBXFileReference; lastKnownFileType = sourcecode.swift; path = MovieController.swift; sourceTree = "<group>"; };
/* End PBXFileReference section */

/* Begin PBXFrameworksBuildPhase section */
		3B9E31DE2142CFB2002C7715 /* Frameworks */ = {
			isa = PBXFrameworksBuildPhase;
			buildActionMask = 2147483647;
			files = (
			);
			runOnlyForDeploymentPostprocessing = 0;
		};
/* End PBXFrameworksBuildPhase section */

/* Begin PBXGroup section */
		3B9E31D82142CFB2002C7715 = {
			isa = PBXGroup;
			children = (
				3B9E31E32142CFB2002C7715 /* MovieSearch */,
				3B9E31E22142CFB2002C7715 /* Products */,
			);
			sourceTree = "<group>";
		};
		3B9E31E22142CFB2002C7715 /* Products */ = {
			isa = PBXGroup;
			children = (
				3B9E31E12142CFB2002C7715 /* MovieSearch.app */,
			);
			name = Products;
			sourceTree = "<group>";
		};
		3B9E31E32142CFB2002C7715 /* MovieSearch */ = {
			isa = PBXGroup;
			children = (
				3B9E31F92142D00B002C7715 /* Model */,
				3B9E31FA2142D010002C7715 /* Model Controller */,
				3B9E31FD2142D10F002C7715 /* View */,
				3B9E31F82142D001002C7715 /* View Controller */,
				3B9E31F72142CFFA002C7715 /* UI */,
				3B9E31F62142CFEA002C7715 /* Resources */,
			);
			path = MovieSearch;
			sourceTree = "<group>";
		};
		3B9E31F62142CFEA002C7715 /* Resources */ = {
			isa = PBXGroup;
			children = (
				3B9E31E42142CFB2002C7715 /* AppDelegate.swift */,
				3B9E31EB2142CFB3002C7715 /* Assets.xcassets */,
				3B9E31ED2142CFB3002C7715 /* LaunchScreen.storyboard */,
				3B9E31F02142CFB3002C7715 /* Info.plist */,
			);
			path = Resources;
			sourceTree = "<group>";
		};
		3B9E31F72142CFFA002C7715 /* UI */ = {
			isa = PBXGroup;
			children = (
				3B9E31E82142CFB2002C7715 /* Main.storyboard */,
			);
			path = UI;
			sourceTree = "<group>";
		};
		3B9E31F82142D001002C7715 /* View Controller */ = {
			isa = PBXGroup;
			children = (
				3B9E31FB2142D109002C7715 /* MovieListTableViewController.swift */,
			);
			path = "View Controller";
			sourceTree = "<group>";
		};
		3B9E31F92142D00B002C7715 /* Model */ = {
			isa = PBXGroup;
			children = (
				3B9E32002142D156002C7715 /* MovieModel.swift */,
			);
			path = Model;
			sourceTree = "<group>";
		};
		3B9E31FA2142D010002C7715 /* Model Controller */ = {
			isa = PBXGroup;
			children = (
				3B9E32022142D162002C7715 /* MovieController.swift */,
			);
			path = "Model Controller";
			sourceTree = "<group>";
		};
		3B9E31FD2142D10F002C7715 /* View */ = {
			isa = PBXGroup;
			children = (
				3B9E31FE2142D149002C7715 /* ShowMovieTableViewCell.swift */,
			);
			path = View;
			sourceTree = "<group>";
		};
/* End PBXGroup section */

/* Begin PBXNativeTarget section */
		3B9E31E02142CFB2002C7715 /* MovieSearch */ = {
			isa = PBXNativeTarget;
			buildConfigurationList = 3B9E31F32142CFB3002C7715 /* Build configuration list for PBXNativeTarget "MovieSearch" */;
			buildPhases = (
				3B9E31DD2142CFB2002C7715 /* Sources */,
				3B9E31DE2142CFB2002C7715 /* Frameworks */,
				3B9E31DF2142CFB2002C7715 /* Resources */,
			);
			buildRules = (
			);
			dependencies = (
			);
			name = MovieSearch;
			productName = MovieSearch;
			productReference = 3B9E31E12142CFB2002C7715 /* MovieSearch.app */;
			productType = "com.apple.product-type.application";
		};
/* End PBXNativeTarget section */

/* Begin PBXProject section */
		3B9E31D92142CFB2002C7715 /* Project object */ = {
			isa = PBXProject;
			attributes = {
				LastSwiftUpdateCheck = 0940;
				LastUpgradeCheck = 0940;
				ORGANIZATIONNAME = "Kamil Wrobel";
				TargetAttributes = {
					3B9E31E02142CFB2002C7715 = {
						CreatedOnToolsVersion = 9.4.1;
					};
				};
			};
			buildConfigurationList = 3B9E31DC2142CFB2002C7715 /* Build configuration list for PBXProject "MovieSearch" */;
			compatibilityVersion = "Xcode 9.3";
			developmentRegion = en;
			hasScannedForEncodings = 0;
			knownRegions = (
				en,
				Base,
			);
			mainGroup = 3B9E31D82142CFB2002C7715;
			productRefGroup = 3B9E31E22142CFB2002C7715 /* Products */;
			projectDirPath = "";
			projectRoot = "";
			targets = (
				3B9E31E02142CFB2002C7715 /* MovieSearch */,
			);
		};
/* End PBXProject section */

/* Begin PBXResourcesBuildPhase section */
		3B9E31DF2142CFB2002C7715 /* Resources */ = {
			isa = PBXResourcesBuildPhase;
			buildActionMask = 2147483647;
			files = (
				3B9E31EF2142CFB3002C7715 /* LaunchScreen.storyboard in Resources */,
				3B9E31EC2142CFB3002C7715 /* Assets.xcassets in Resources */,
				3B9E31EA2142CFB2002C7715 /* Main.storyboard in Resources */,
			);
			runOnlyForDeploymentPostprocessing = 0;
		};
/* End PBXResourcesBuildPhase section */

/* Begin PBXSourcesBuildPhase section */
		3B9E31DD2142CFB2002C7715 /* Sources */ = {
			isa = PBXSourcesBuildPhase;
			buildActionMask = 2147483647;
			files = (
				3B9E32012142D156002C7715 /* MovieModel.swift in Sources */,
				3B9E32032142D162002C7715 /* MovieController.swift in Sources */,
				3B9E31FC2142D109002C7715 /* MovieListTableViewController.swift in Sources */,
				3B9E31E52142CFB2002C7715 /* AppDelegate.swift in Sources */,
				3B9E31FF2142D149002C7715 /* ShowMovieTableViewCell.swift in Sources */,
			);
			runOnlyForDeploymentPostprocessing = 0;
		};
/* End PBXSourcesBuildPhase section */

/* Begin PBXVariantGroup section */
		3B9E31E82142CFB2002C7715 /* Main.storyboard */ = {
			isa = PBXVariantGroup;
			children = (
				3B9E31E92142CFB2002C7715 /* Base */,
			);
			name = Main.storyboard;
			sourceTree = "<group>";
		};
		3B9E31ED2142CFB3002C7715 /* LaunchScreen.storyboard */ = {
			isa = PBXVariantGroup;
			children = (
				3B9E31EE2142CFB3002C7715 /* Base */,
			);
			name = LaunchScreen.storyboard;
			sourceTree = "<group>";
		};
/* End PBXVariantGroup section */

/* Begin XCBuildConfiguration section */
		3B9E31F12142CFB3002C7715 /* Debug */ = {
			isa = XCBuildConfiguration;
			buildSettings = {
				ALWAYS_SEARCH_USER_PATHS = NO;
				CLANG_ANALYZER_NONNULL = YES;
				CLANG_ANALYZER_NUMBER_OBJECT_CONVERSION = YES_AGGRESSIVE;
				CLANG_CXX_LANGUAGE_STANDARD = "gnu++14";
				CLANG_CXX_LIBRARY = "libc++";
				CLANG_ENABLE_MODULES = YES;
				CLANG_ENABLE_OBJC_ARC = YES;
				CLANG_ENABLE_OBJC_WEAK = YES;
				CLANG_WARN_BLOCK_CAPTURE_AUTORELEASING = YES;
				CLANG_WARN_BOOL_CONVERSION = YES;
				CLANG_WARN_COMMA = YES;
				CLANG_WARN_CONSTANT_CONVERSION = YES;
				CLANG_WARN_DEPRECATED_OBJC_IMPLEMENTATIONS = YES;
				CLANG_WARN_DIRECT_OBJC_ISA_USAGE = YES_ERROR;
				CLANG_WARN_DOCUMENTATION_COMMENTS = YES;
				CLANG_WARN_EMPTY_BODY = YES;
				CLANG_WARN_ENUM_CONVERSION = YES;
				CLANG_WARN_INFINITE_RECURSION = YES;
				CLANG_WARN_INT_CONVERSION = YES;
				CLANG_WARN_NON_LITERAL_NULL_CONVERSION = YES;
				CLANG_WARN_OBJC_IMPLICIT_RETAIN_SELF = YES;
				CLANG_WARN_OBJC_LITERAL_CONVERSION = YES;
				CLANG_WARN_OBJC_ROOT_CLASS = YES_ERROR;
				CLANG_WARN_RANGE_LOOP_ANALYSIS = YES;
				CLANG_WARN_STRICT_PROTOTYPES = YES;
				CLANG_WARN_SUSPICIOUS_MOVE = YES;
				CLANG_WARN_UNGUARDED_AVAILABILITY = YES_AGGRESSIVE;
				CLANG_WARN_UNREACHABLE_CODE = YES;
				CLANG_WARN__DUPLICATE_METHOD_MATCH = YES;
				CODE_SIGN_IDENTITY = "iPhone Developer";
				COPY_PHASE_STRIP = NO;
				DEBUG_INFORMATION_FORMAT = dwarf;
				ENABLE_STRICT_OBJC_MSGSEND = YES;
				ENABLE_TESTABILITY = YES;
				GCC_C_LANGUAGE_STANDARD = gnu11;
				GCC_DYNAMIC_NO_PIC = NO;
				GCC_NO_COMMON_BLOCKS = YES;
				GCC_OPTIMIZATION_LEVEL = 0;
				GCC_PREPROCESSOR_DEFINITIONS = (
					"DEBUG=1",
					"$(inherited)",
				);
				GCC_WARN_64_TO_32_BIT_CONVERSION = YES;
				GCC_WARN_ABOUT_RETURN_TYPE = YES_ERROR;
				GCC_WARN_UNDECLARED_SELECTOR = YES;
				GCC_WARN_UNINITIALIZED_AUTOS = YES_AGGRESSIVE;
				GCC_WARN_UNUSED_FUNCTION = YES;
				GCC_WARN_UNUSED_VARIABLE = YES;
				IPHONEOS_DEPLOYMENT_TARGET = 11.4;
				MTL_ENABLE_DEBUG_INFO = YES;
				ONLY_ACTIVE_ARCH = YES;
				SDKROOT = iphoneos;
				SWIFT_ACTIVE_COMPILATION_CONDITIONS = DEBUG;
				SWIFT_OPTIMIZATION_LEVEL = "-Onone";
			};
			name = Debug;
		};
		3B9E31F22142CFB3002C7715 /* Release */ = {
			isa = XCBuildConfiguration;
			buildSettings = {
				ALWAYS_SEARCH_USER_PATHS = NO;
				CLANG_ANALYZER_NONNULL = YES;
				CLANG_ANALYZER_NUMBER_OBJECT_CONVERSION = YES_AGGRESSIVE;
				CLANG_CXX_LANGUAGE_STANDARD = "gnu++14";
				CLANG_CXX_LIBRARY = "libc++";
				CLANG_ENABLE_MODULES = YES;
				CLANG_ENABLE_OBJC_ARC = YES;
				CLANG_ENABLE_OBJC_WEAK = YES;
				CLANG_WARN_BLOCK_CAPTURE_AUTORELEASING = YES;
				CLANG_WARN_BOOL_CONVERSION = YES;
				CLANG_WARN_COMMA = YES;
				CLANG_WARN_CONSTANT_CONVERSION = YES;
				CLANG_WARN_DEPRECATED_OBJC_IMPLEMENTATIONS = YES;
				CLANG_WARN_DIRECT_OBJC_ISA_USAGE = YES_ERROR;
				CLANG_WARN_DOCUMENTATION_COMMENTS = YES;
				CLANG_WARN_EMPTY_BODY = YES;
				CLANG_WARN_ENUM_CONVERSION = YES;
				CLANG_WARN_INFINITE_RECURSION = YES;
				CLANG_WARN_INT_CONVERSION = YES;
				CLANG_WARN_NON_LITERAL_NULL_CONVERSION = YES;
				CLANG_WARN_OBJC_IMPLICIT_RETAIN_SELF = YES;
				CLANG_WARN_OBJC_LITERAL_CONVERSION = YES;
				CLANG_WARN_OBJC_ROOT_CLASS = YES_ERROR;
				CLANG_WARN_RANGE_LOOP_ANALYSIS = YES;
				CLANG_WARN_STRICT_PROTOTYPES = YES;
				CLANG_WARN_SUSPICIOUS_MOVE = YES;
				CLANG_WARN_UNGUARDED_AVAILABILITY = YES_AGGRESSIVE;
				CLANG_WARN_UNREACHABLE_CODE = YES;
				CLANG_WARN__DUPLICATE_METHOD_MATCH = YES;
				CODE_SIGN_IDENTITY = "iPhone Developer";
				COPY_PHASE_STRIP = NO;
				DEBUG_INFORMATION_FORMAT = "dwarf-with-dsym";
				ENABLE_NS_ASSERTIONS = NO;
				ENABLE_STRICT_OBJC_MSGSEND = YES;
				GCC_C_LANGUAGE_STANDARD = gnu11;
				GCC_NO_COMMON_BLOCKS = YES;
				GCC_WARN_64_TO_32_BIT_CONVERSION = YES;
				GCC_WARN_ABOUT_RETURN_TYPE = YES_ERROR;
				GCC_WARN_UNDECLARED_SELECTOR = YES;
				GCC_WARN_UNINITIALIZED_AUTOS = YES_AGGRESSIVE;
				GCC_WARN_UNUSED_FUNCTION = YES;
				GCC_WARN_UNUSED_VARIABLE = YES;
				IPHONEOS_DEPLOYMENT_TARGET = 11.4;
				MTL_ENABLE_DEBUG_INFO = NO;
				SDKROOT = iphoneos;
				SWIFT_COMPILATION_MODE = wholemodule;
				SWIFT_OPTIMIZATION_LEVEL = "-O";
				VALIDATE_PRODUCT = YES;
			};
			name = Release;
		};
		3B9E31F42142CFB3002C7715 /* Debug */ = {
			isa = XCBuildConfiguration;
			buildSettings = {
				ASSETCATALOG_COMPILER_APPICON_NAME = AppIcon;
				CODE_SIGN_STYLE = Automatic;
				DEVELOPMENT_TEAM = 5EAUJPVR66;
				INFOPLIST_FILE = "$(SRCROOT)/MovieSearch/Resources/Info.plist";
				LD_RUNPATH_SEARCH_PATHS = (
					"$(inherited)",
					"@executable_path/Frameworks",
				);
				PRODUCT_BUNDLE_IDENTIFIER = com.xwrobelekx.MovieSearch;
				PRODUCT_NAME = "$(TARGET_NAME)";
				SWIFT_VERSION = 4.0;
				TARGETED_DEVICE_FAMILY = "1,2";
			};
			name = Debug;
		};
		3B9E31F52142CFB3002C7715 /* Release */ = {
			isa = XCBuildConfiguration;
			buildSettings = {
				ASSETCATALOG_COMPILER_APPICON_NAME = AppIcon;
				CODE_SIGN_STYLE = Automatic;
				DEVELOPMENT_TEAM = 5EAUJPVR66;
				INFOPLIST_FILE = "$(SRCROOT)/MovieSearch/Resources/Info.plist";
				LD_RUNPATH_SEARCH_PATHS = (
					"$(inherited)",
					"@executable_path/Frameworks",
				);
				PRODUCT_BUNDLE_IDENTIFIER = com.xwrobelekx.MovieSearch;
				PRODUCT_NAME = "$(TARGET_NAME)";
				SWIFT_VERSION = 4.0;
				TARGETED_DEVICE_FAMILY = "1,2";
			};
			name = Release;
		};
/* End XCBuildConfiguration section */

/* Begin XCConfigurationList section */
		3B9E31DC2142CFB2002C7715 /* Build configuration list for PBXProject "MovieSearch" */ = {
			isa = XCConfigurationList;
			buildConfigurations = (
				3B9E31F12142CFB3002C7715 /* Debug */,
				3B9E31F22142CFB3002C7715 /* Release */,
			);
			defaultConfigurationIsVisible = 0;
			defaultConfigurationName = Release;
		};
		3B9E31F32142CFB3002C7715 /* Build configuration list for PBXNativeTarget "MovieSearch" */ = {
			isa = XCConfigurationList;
			buildConfigurations = (
				3B9E31F42142CFB3002C7715 /* Debug */,
				3B9E31F52142CFB3002C7715 /* Release */,
			);
			defaultConfigurationIsVisible = 0;
			defaultConfigurationName = Release;
		};
/* End XCConfigurationList section */
	};
	rootObject = 3B9E31D92142CFB2002C7715 /* Project object */;
}
